// !$*UTF8*$!
{
	archiveVersion = 1;
	classes = {
	};
	objectVersion = 77;
	objects = {

/* Begin PBXBuildFile section */
		7888F1142FDAABA400E2D450 /* WidgetKit.framework in Frameworks */ = {isa = PBXBuildFile; fileRef = 7888F1132FDAABA400E2D450 /* WidgetKit.framework */; };
		7888F1162FDAABA400E2D450 /* SwiftUI.framework in Frameworks */ = {isa = PBXBuildFile; fileRef = 7888F1152FDAABA400E2D450 /* SwiftUI.framework */; };
		7888F1232FDAABA600E2D450 /* MedikamentenWidgetExtension.appex in Embed Foundation Extensions */ = {isa = PBXBuildFile; fileRef = 7888F1112FDAABA400E2D450 /* MedikamentenWidgetExtension.appex */; settings = {ATTRIBUTES = (RemoveHeadersOnCopy, ); }; };
/* End PBXBuildFile section */

/* Begin PBXContainerItemProxy section */
		788419182F7EA1730083484A /* PBXContainerItemProxy */ = {
			isa = PBXContainerItemProxy;
			containerPortal = 788419002F7EA1720083484A /* Project object */;
			proxyType = 1;
			remoteGlobalIDString = 788419072F7EA1720083484A;
			remoteInfo = "Medikamenten-Tracker";
		};
		788419222F7EA1730083484A /* PBXContainerItemProxy */ = {
			isa = PBXContainerItemProxy;
			containerPortal = 788419002F7EA1720083484A /* Project object */;
			proxyType = 1;
			remoteGlobalIDString = 788419072F7EA1720083484A;
			remoteInfo = "Medikamenten-Tracker";
		};
		7888F1212FDAABA600E2D450 /* PBXContainerItemProxy */ = {
			isa = PBXContainerItemProxy;
			containerPortal = 788419002F7EA1720083484A /* Project object */;
			proxyType = 1;
			remoteGlobalIDString = 7888F1102FDAABA400E2D450;
			remoteInfo = MedikamentenWidgetExtension;
		};
/* End PBXContainerItemProxy section */

/* Begin PBXCopyFilesBuildPhase section */
		7888F1282FDAABA600E2D450 /* Embed Foundation Extensions */ = {
			isa = PBXCopyFilesBuildPhase;
			buildActionMask = 2147483647;
			dstPath = "";
			dstSubfolderSpec = 13;
			files = (
				7888F1232FDAABA600E2D450 /* MedikamentenWidgetExtension.appex in Embed Foundation Extensions */,
			);
			name = "Embed Foundation Extensions";
			runOnlyForDeploymentPostprocessing = 0;
		};
/* End PBXCopyFilesBuildPhase section */

/* Begin PBXFileReference section */
		788419082F7EA1720083484A /* Medikamenten-Tracker.app */ = {isa = PBXFileReference; explicitFileType = wrapper.application; includeInIndex = 0; path = "Medikamenten-Tracker.app"; sourceTree = BUILT_PRODUCTS_DIR; };
		788419172F7EA1730083484A /* Medikamenten-TrackerTests.xctest */ = {isa = PBXFileReference; explicitFileType = wrapper.cfbundle; includeInIndex = 0; path = "Medikamenten-TrackerTests.xctest"; sourceTree = BUILT_PRODUCTS_DIR; };
		788419212F7EA1730083484A /* Medikamenten-TrackerUITests.xctest */ = {isa = PBXFileReference; explicitFileType = wrapper.cfbundle; includeInIndex = 0; path = "Medikamenten-TrackerUITests.xctest"; sourceTree = BUILT_PRODUCTS_DIR; };
		7888F1112FDAABA400E2D450 /* MedikamentenWidgetExtension.appex */ = {isa = PBXFileReference; explicitFileType = "wrapper.app-extension"; includeInIndex = 0; path = MedikamentenWidgetExtension.appex; sourceTree = BUILT_PRODUCTS_DIR; };
		7888F1132FDAABA400E2D450 /* WidgetKit.framework */ = {isa = PBXFileReference; lastKnownFileType = wrapper.framework; name = WidgetKit.framework; path = System/Library/Frameworks/WidgetKit.framework; sourceTree = SDKROOT; };
		7888F1152FDAABA400E2D450 /* SwiftUI.framework */ = {isa = PBXFileReference; lastKnownFileType = wrapper.framework; name = SwiftUI.framework; path = System/Library/Frameworks/SwiftUI.framework; sourceTree = SDKROOT; };
/* End PBXFileReference section */

/* Begin PBXFileSystemSynchronizedBuildFileExceptionSet section */
		7888F1242FDAABA600E2D450 /* Exceptions for "MedikamentenWidget" folder in "MedikamentenWidgetExtension" target */ = {
			isa = PBXFileSystemSynchronizedBuildFileExceptionSet;
			membershipExceptions = (
				Info.plist,
			);
			target = 7888F1102FDAABA400E2D450 /* MedikamentenWidgetExtension */;
		};
		E1C9214E303084200080017F /* Exceptions for "Medikamenten-Tracker" folder in "Medikamenten-TrackerTests" target */ = {
			isa = PBXFileSystemSynchronizedBuildFileExceptionSet;
			membershipExceptions = (
				MedicationSnapshot.swift,
			);
			target = 788419162F7EA1730083484A /* Medikamenten-TrackerTests */;
		};
		E1C9214F303084200080017F /* Exceptions for "Medikamenten-Tracker" folder in "Medikamenten-TrackerUITests" target */ = {
			isa = PBXFileSystemSynchronizedBuildFileExceptionSet;
			membershipExceptions = (
				MedicationSnapshot.swift,
			);
			target = 788419202F7EA1730083484A /* Medikamenten-TrackerUITests */;
		};
		E1C92150303084200080017F /* Exceptions for "Medikamenten-Tracker" folder in "MedikamentenWidgetExtension" target */ = {
			isa = PBXFileSystemSynchronizedBuildFileExceptionSet;
			membershipExceptions = (
				MedicationSnapshot.swift,
			);
			target = 7888F1102FDAABA400E2D450 /* MedikamentenWidgetExtension */;
		};
/* End PBXFileSystemSynchronizedBuildFileExceptionSet section */

/* Begin PBXFileSystemSynchronizedRootGroup section */
		7884190A2F7EA1720083484A /* Medikamenten-Tracker */ = {
			isa = PBXFileSystemSynchronizedRootGroup;
			exceptions = (
				E1C9214E303084200080017F /* Exceptions for "Medikamenten-Tracker" folder in "Medikamenten-TrackerTests" target */,
				E1C9214F303084200080017F /* Exceptions for "Medikamenten-Tracker" folder in "Medikamenten-TrackerUITests" target */,
				E1C92150303084200080017F /* Exceptions for "Medikamenten-Tracker" folder in "MedikamentenWidgetExtension" target */,
			);
			path = "Medikamenten-Tracker";
			sourceTree = "<group>";
		};
		7884191A2F7EA1730083484A /* Medikamenten-TrackerTests */ = {
			isa = PBXFileSystemSynchronizedRootGroup;
			path = "Medikamenten-TrackerTests";
			sourceTree = "<group>";
		};
		788419242F7EA1730083484A /* Medikamenten-TrackerUITests */ = {
			isa = PBXFileSystemSynchronizedRootGroup;
			path = "Medikamenten-TrackerUITests";
			sourceTree = "<group>";
		};
		7888F1172FDAABA400E2D450 /* MedikamentenWidget */ = {
			isa = PBXFileSystemSynchronizedRootGroup;
			exceptions = (
				7888F1242FDAABA600E2D450 /* Exceptions for "MedikamentenWidget" folder in "MedikamentenWidgetExtension" target */,
			);
			path = MedikamentenWidget;
			sourceTree = "<group>";
		};
/* End PBXFileSystemSynchronizedRootGroup section */

/* Begin PBXFrameworksBuildPhase section */
		788419052F7EA1720083484A /* Frameworks */ = {
			isa = PBXFrameworksBuildPhase;
			buildActionMask = 2147483647;
			files = (
			);
			runOnlyForDeploymentPostprocessing = 0;
		};
		788419142F7EA1730083484A /* Frameworks */ = {
			isa = PBXFrameworksBuildPhase;
			buildActionMask = 2147483647;
			files = (
			);
			runOnlyForDeploymentPostprocessing = 0;
		};
		7884191E2F7EA1730083484A /* Frameworks */ = {
			isa = PBXFrameworksBuildPhase;
			buildActionMask = 2147483647;
			files = (
			);
			runOnlyForDeploymentPostprocessing = 0;
		};
		7888F10E2FDAABA400E2D450 /* Frameworks */ = {
			isa = PBXFrameworksBuildPhase;
			buildActionMask = 2147483647;
			files = (
				7888F1162FDAABA400E2D450 /* SwiftUI.framework in Frameworks */,
				7888F1142FDAABA400E2D450 /* WidgetKit.framework in Frameworks */,
			);
			runOnlyForDeploymentPostprocessing = 0;
		};
/* End PBXFrameworksBuildPhase section */

/* Begin PBXGroup section */
		788418FF2F7EA1720083484A = {
			isa = PBXGroup;
			children = (
				7884190A2F7EA1720083484A /* Medikamenten-Tracker */,
				7884191A2F7EA1730083484A /* Medikamenten-TrackerTests */,
				788419242F7EA1730083484A /* Medikamenten-TrackerUITests */,
				7888F1172FDAABA400E2D450 /* MedikamentenWidget */,
				7888F1122FDAABA400E2D450 /* Frameworks */,
				788419092F7EA1720083484A /* Products */,
			);
			sourceTree = "<group>";
		};
		788419092F7EA1720083484A /* Products */ = {
			isa = PBXGroup;
			children = (
				788419082F7EA1720083484A /* Medikamenten-Tracker.app */,
				788419172F7EA1730083484A /* Medikamenten-TrackerTests.xctest */,
				788419212F7EA1730083484A /* Medikamenten-TrackerUITests.xctest */,
				7888F1112FDAABA400E2D450 /* MedikamentenWidgetExtension.appex */,
			);
			name = Products;
			sourceTree = "<group>";
		};
		7888F1122FDAABA400E2D450 /* Frameworks */ = {
			isa = PBXGroup;
			children = (
				7888F1132FDAABA400E2D450 /* WidgetKit.framework */,
				7888F1152FDAABA400E2D450 /* SwiftUI.framework */,
			);
			name = Frameworks;
			sourceTree = "<group>";
		};
/* End PBXGroup section */

/* Begin PBXNativeTarget section */
		788419072F7EA1720083484A /* Medikamenten-Tracker */ = {
			isa = PBXNativeTarget;
			buildConfigurationList = 7884192B2F7EA1730083484A /* Build configuration list for PBXNativeTarget "Medikamenten-Tracker" */;
			buildPhases = (
				788419042F7EA1720083484A /* Sources */,
				788419052F7EA1720083484A /* Frameworks */,
				788419062F7EA1720083484A /* Resources */,
				7888F1282FDAABA600E2D450 /* Embed Foundation Extensions */,
			);
			buildRules = (
			);
			dependencies = (
				7888F1222FDAABA600E2D450 /* PBXTargetDependency */,
			);
			fileSystemSynchronizedGroups = (
				7884190A2F7EA1720083484A /* Medikamenten-Tracker */,
			);
			name = "Medikamenten-Tracker";
			packageProductDependencies = (
			);
			productName = "Medikamenten-Tracker";
			productReference = 788419082F7EA1720083484A /* Medikamenten-Tracker.app */;
			productType = "com.apple.product-type.application";
		};
		788419162F7EA1730083484A /* Medikamenten-TrackerTests */ = {
			isa = PBXNativeTarget;
			buildConfigurationList = 7884192E2F7EA1730083484A /* Build configuration list for PBXNativeTarget "Medikamenten-TrackerTests" */;
			buildPhases = (
				788419132F7EA1730083484A /* Sources */,
				788419142F7EA1730083484A /* Frameworks */,
				788419152F7EA1730083484A /* Resources */,
			);
			buildRules = (
			);
			dependencies = (
				788419192F7EA1730083484A /* PBXTargetDependency */,
			);
			fileSystemSynchronizedGroups = (
				7884191A2F7EA1730083484A /* Medikamenten-TrackerTests */,
			);
			name = "Medikamenten-TrackerTests";
			packageProductDependencies = (
			);
			productName = "Medikamenten-TrackerTests";
			productReference = 788419172F7EA1730083484A /* Medikamenten-TrackerTests.xctest */;
			productType = "com.apple.product-type.bundle.unit-test";
		};
		788419202F7EA1730083484A /* Medikamenten-TrackerUITests */ = {
			isa = PBXNativeTarget;
			buildConfigurationList = 788419312F7EA1730083484A /* Build configuration list for PBXNativeTarget "Medikamenten-TrackerUITests" */;
			buildPhases = (
				7884191D2F7EA1730083484A /* Sources */,
				7884191E2F7EA1730083484A /* Frameworks */,
				7884191F2F7EA1730083484A /* Resources */,
			);
			buildRules = (
			);
			dependencies = (
				788419232F7EA1730083484A /* PBXTargetDependency */,
			);
			fileSystemSynchronizedGroups = (
				788419242F7EA1730083484A /* Medikamenten-TrackerUITests */,
			);
			name = "Medikamenten-TrackerUITests";
			packageProductDependencies = (
			);
			productName = "Medikamenten-TrackerUITests";
			productReference = 788419212F7EA1730083484A /* Medikamenten-TrackerUITests.xctest */;
			productType = "com.apple.product-type.bundle.ui-testing";
		};
		7888F1102FDAABA400E2D450 /* MedikamentenWidgetExtension */ = {
			isa = PBXNativeTarget;
			buildConfigurationList = 7888F1252FDAABA600E2D450 /* Build configuration list for PBXNativeTarget "MedikamentenWidgetExtension" */;
			buildPhases = (
				7888F10D2FDAABA400E2D450 /* Sources */,
				7888F10E2FDAABA400E2D450 /* Frameworks */,
				7888F10F2FDAABA400E2D450 /* Resources */,
			);
			buildRules = (
			);
			dependencies = (
			);
			fileSystemSynchronizedGroups = (
				7888F1172FDAABA400E2D450 /* MedikamentenWidget */,
			);
			name = MedikamentenWidgetExtension;
			packageProductDependencies = (
			);
			productName = MedikamentenWidgetExtension;
			productReference = 7888F1112FDAABA400E2D450 /* MedikamentenWidgetExtension.appex */;
			productType = "com.apple.product-type.app-extension";
		};
/* End PBXNativeTarget section */

/* Begin PBXProject section */
		788419002F7EA1720083484A /* Project object */ = {
			isa = PBXProject;
			attributes = {
				BuildIndependentTargetsInParallel = 1;
				LastSwiftUpdateCheck = 2650;
				LastUpgradeCheck = 2660;
				TargetAttributes = {
					788419072F7EA1720083484A = {
						CreatedOnToolsVersion = 26.4;
					};
					788419162F7EA1730083484A = {
						CreatedOnToolsVersion = 26.4;
						TestTargetID = 788419072F7EA1720083484A;
					};
					788419202F7EA1730083484A = {
						CreatedOnToolsVersion = 26.4;
						TestTargetID = 788419072F7EA1720083484A;
					};
					7888F1102FDAABA400E2D450 = {
						CreatedOnToolsVersion = 26.5;
					};
				};
			};
			buildConfigurationList = 788419032F7EA1720083484A /* Build configuration list for PBXProject "Medikamenten-Tracker" */;
			developmentRegion = en;
			hasScannedForEncodings = 0;
			knownRegions = (
				en,
				Base,
			);
			mainGroup = 788418FF2F7EA1720083484A;
			minimizedProjectReferenceProxies = 1;
			preferredProjectObjectVersion = 77;
			productRefGroup = 788419092F7EA1720083484A /* Products */;
			projectDirPath = "";
			projectRoot = "";
			targets = (
				788419072F7EA1720083484A /* Medikamenten-Tracker */,
				788419162F7EA1730083484A /* Medikamenten-TrackerTests */,
				788419202F7EA1730083484A /* Medikamenten-TrackerUITests */,
				7888F1102FDAABA400E2D450 /* MedikamentenWidgetExtension */,
			);
		};
/* End PBXProject section */

/* Begin PBXResourcesBuildPhase section */
		788419062F7EA1720083484A /* Resources */ = {
			isa = PBXResourcesBuildPhase;
			buildActionMask = 2147483647;
			files = (
			);
			runOnlyForDeploymentPostprocessing = 0;
		};
		788419152F7EA1730083484A /* Resources */ = {
			isa = PBXResourcesBuildPhase;
			buildActionMask = 2147483647;
			files = (
			);
			runOnlyForDeploymentPostprocessing = 0;
		};
		7884191F2F7EA1730083484A /* Resources */ = {
			isa = PBXResourcesBuildPhase;
			buildActionMask = 2147483647;
			files = (
			);
			runOnlyForDeploymentPostprocessing = 0;
		};
		7888F10F2FDAABA400E2D450 /* Resources */ = {
			isa = PBXResourcesBuildPhase;
			buildActionMask = 2147483647;
			files = (
			);
			runOnlyForDeploymentPostprocessing = 0;
		};
/* End PBXResourcesBuildPhase section */

/* Begin PBXSourcesBuildPhase section */
		788419042F7EA1720083484A /* Sources */ = {
			isa = PBXSourcesBuildPhase;
			buildActionMask = 2147483647;
			files = (
			);
			runOnlyForDeploymentPostprocessing = 0;
		};
		788419132F7EA1730083484A /* Sources */ = {
			isa = PBXSourcesBuildPhase;
			buildActionMask = 2147483647;
			files = (
			);
			runOnlyForDeploymentPostprocessing = 0;
		};
		7884191D2F7EA1730083484A /* Sources */ = {
			isa = PBXSourcesBuildPhase;
			buildActionMask = 2147483647;
			files = (
			);
			runOnlyForDeploymentPostprocessing = 0;
		};
		7888F10D2FDAABA400E2D450 /* Sources */ = {
			isa = PBXSourcesBuildPhase;
			buildActionMask = 2147483647;
			files = (
			);
			runOnlyForDeploymentPostprocessing = 0;
		};
/* End PBXSourcesBuildPhase section */

/* Begin PBXTargetDependency section */
		788419192F7EA1730083484A /* PBXTargetDependency */ = {
			isa = PBXTargetDependency;
			target = 788419072F7EA1720083484A /* Medikamenten-Tracker */;
			targetProxy = 788419182F7EA1730083484A /* PBXContainerItemProxy */;
		};
		788419232F7EA1730083484A /* PBXTargetDependency */ = {
			isa = PBXTargetDependency;
			target = 788419072F7EA1720083484A /* Medikamenten-Tracker */;
			targetProxy = 788419222F7EA1730083484A /* PBXContainerItemProxy */;
		};
		7888F1222FDAABA600E2D450 /* PBXTargetDependency */ = {
			isa = PBXTargetDependency;
			target = 7888F1102FDAABA400E2D450 /* MedikamentenWidgetExtension */;
			targetProxy = 7888F1212FDAABA600E2D450 /* PBXContainerItemProxy */;
		};
/* End PBXTargetDependency section */

/* Begin XCBuildConfiguration section */
		788419292F7EA1730083484A /* Debug */ = {
			isa = XCBuildConfiguration;
			buildSettings = {
				ALWAYS_SEARCH_USER_PATHS = NO;
				ASSETCATALOG_COMPILER_GENERATE_SWIFT_ASSET_SYMBOL_EXTENSIONS = YES;
				CLANG_ANALYZER_NONNULL = YES;
				CLANG_ANALYZER_NUMBER_OBJECT_CONVERSION = YES_AGGRESSIVE;
				CLANG_CXX_LANGUAGE_STANDARD = "gnu++20";
				CLANG_ENABLE_MODULES = YES;
				CLANG_ENABLE_OBJC_ARC = YES;
				CLANG_ENABLE_OBJC_WEAK = YES;
				CLANG_WARN_BLOCK_CAPTURE_AUTORELEASING = YES;
				CLANG_WARN_BOOL_CONVERSION = YES;
				CLANG_WARN_COMMA = YES;
				CLANG_WARN_CONSTANT_CONVERSION = YES;
				CLANG_WARN_DEPRECATED_OBJC_IMPLEMENTATIONS = YES;
				CLANG_WARN_DIRECT_OBJC_ISA_USAGE = YES_ERROR;
				CLANG_WARN_DOCUMENTATION_COMMENTS = YES;
				CLANG_WARN_EMPTY_BODY = YES;
				CLANG_WARN_ENUM_CONVERSION = YES;
				CLANG_WARN_INFINITE_RECURSION = YES;
				CLANG_WARN_INT_CONVERSION = YES;
				CLANG_WARN_NON_LITERAL_NULL_CONVERSION = YES;
				CLANG_WARN_OBJC_IMPLICIT_RETAIN_SELF = YES;
				CLANG_WARN_OBJC_LITERAL_CONVERSION = YES;
				CLANG_WARN_OBJC_ROOT_CLASS = YES_ERROR;
				CLANG_WARN_QUOTED_INCLUDE_IN_FRAMEWORK_HEADER = YES;
				CLANG_WARN_RANGE_LOOP_ANALYSIS = YES;
				CLANG_WARN_STRICT_PROTOTYPES = YES;
				CLANG_WARN_SUSPICIOUS_MOVE = YES;
				CLANG_WARN_UNGUARDED_AVAILABILITY = YES_AGGRESSIVE;
				CLANG_WARN_UNREACHABLE_CODE = YES;
				CLANG_WARN__DUPLICATE_METHOD_MATCH = YES;
				COPY_PHASE_STRIP = NO;
				DEAD_CODE_STRIPPING = YES;
				DEBUG_INFORMATION_FORMAT = dwarf;
				ENABLE_STRICT_OBJC_MSGSEND = YES;
				ENABLE_TESTABILITY = YES;
				ENABLE_USER_SCRIPT_SANDBOXING = YES;
				GCC_C_LANGUAGE_STANDARD = gnu17;
				GCC_DYNAMIC_NO_PIC = NO;
				GCC_NO_COMMON_BLOCKS = YES;
				GCC_OPTIMIZATION_LEVEL = 0;
				GCC_PREPROCESSOR_DEFINITIONS = (
					"DEBUG=1",
					"$(inherited)",
				);
				GCC_WARN_64_TO_32_BIT_CONVERSION = YES;
				GCC_WARN_ABOUT_RETURN_TYPE = YES_ERROR;
				GCC_WARN_UNDECLARED_SELECTOR = YES;
				GCC_WARN_UNINITIALIZED_AUTOS = YES_AGGRESSIVE;
				GCC_WARN_UNUSED_FUNCTION = YES;
				GCC_WARN_UNUSED_VARIABLE = YES;
				LOCALIZATION_PREFERS_STRING_CATALOGS = YES;
				MTL_ENABLE_DEBUG_INFO = INCLUDE_SOURCE;
				MTL_FAST_MATH = YES;
				ONLY_ACTIVE_ARCH = YES;
				STRING_CATALOG_GENERATE_SYMBOLS = YES;
				SWIFT_ACTIVE_COMPILATION_CONDITIONS = "DEBUG $(inherited)";
				SWIFT_OPTIMIZATION_LEVEL = "-Onone";
			};
			name = Debug;
		};
		7884192A2F7EA1730083484A /* Release */ = {
			isa = XCBuildConfiguration;
			buildSettings = {
				ALWAYS_SEARCH_USER_PATHS = NO;
				ASSETCATALOG_COMPILER_GENERATE_SWIFT_ASSET_SYMBOL_EXTENSIONS = YES;
				CLANG_ANALYZER_NONNULL = YES;
				CLANG_ANALYZER_NUMBER_OBJECT_CONVERSION = YES_AGGRESSIVE;
				CLANG_CXX_LANGUAGE_STANDARD = "gnu++20";
				CLANG_ENABLE_MODULES = YES;
				CLANG_ENABLE_OBJC_ARC = YES;
				CLANG_ENABLE_OBJC_WEAK = YES;
				CLANG_WARN_BLOCK_CAPTURE_AUTORELEASING = YES;
				CLANG_WARN_BOOL_CONVERSION = YES;
				CLANG_WARN_COMMA = YES;
				CLANG_WARN_CONSTANT_CONVERSION = YES;
				CLANG_WARN_DEPRECATED_OBJC_IMPLEMENTATIONS = YES;
				CLANG_WARN_DIRECT_OBJC_ISA_USAGE = YES_ERROR;
				CLANG_WARN_DOCUMENTATION_COMMENTS = YES;
				CLANG_WARN_EMPTY_BODY = YES;
				CLANG_WARN_ENUM_CONVERSION = YES;
				CLANG_WARN_INFINITE_RECURSION = YES;
				CLANG_WARN_INT_CONVERSION = YES;
				CLANG_WARN_NON_LITERAL_NULL_CONVERSION = YES;
				CLANG_WARN_OBJC_IMPLICIT_RETAIN_SELF = YES;
				CLANG_WARN_OBJC_LITERAL_CONVERSION = YES;
				CLANG_WARN_OBJC_ROOT_CLASS = YES_ERROR;
				CLANG_WARN_QUOTED_INCLUDE_IN_FRAMEWORK_HEADER = YES;
				CLANG_WARN_RANGE_LOOP_ANALYSIS = YES;
				CLANG_WARN_STRICT_PROTOTYPES = YES;
				CLANG_WARN_SUSPICIOUS_MOVE = YES;
				CLANG_WARN_UNGUARDED_AVAILABILITY = YES_AGGRESSIVE;
				CLANG_WARN_UNREACHABLE_CODE = YES;
				CLANG_WARN__DUPLICATE_METHOD_MATCH = YES;
				COPY_PHASE_STRIP = NO;
				DEAD_CODE_STRIPPING = YES;
				DEBUG_INFORMATION_FORMAT = "dwarf-with-dsym";
				ENABLE_NS_ASSERTIONS = NO;
				ENABLE_STRICT_OBJC_MSGSEND = YES;
				ENABLE_USER_SCRIPT_SANDBOXING = YES;
				GCC_C_LANGUAGE_STANDARD = gnu17;
				GCC_NO_COMMON_BLOCKS = YES;
				GCC_WARN_64_TO_32_BIT_CONVERSION = YES;
				GCC_WARN_ABOUT_RETURN_TYPE = YES_ERROR;
				GCC_WARN_UNDECLARED_SELECTOR = YES;
				GCC_WARN_UNINITIALIZED_AUTOS = YES_AGGRESSIVE;
				GCC_WARN_UNUSED_FUNCTION = YES;
				GCC_WARN_UNUSED_VARIABLE = YES;
				LOCALIZATION_PREFERS_STRING_CATALOGS = YES;
				MTL_ENABLE_DEBUG_INFO = NO;
				MTL_FAST_MATH = YES;
				STRING_CATALOG_GENERATE_SYMBOLS = YES;
				SWIFT_COMPILATION_MODE = wholemodule;
			};
			name = Release;
		};
		7884192C2F7EA1730083484A /* Debug */ = {
			isa = XCBuildConfiguration;
			buildSettings = {
				ASSETCATALOG_COMPILER_APPICON_NAME = AppIcon;
				ASSETCATALOG_COMPILER_GLOBAL_ACCENT_COLOR_NAME = AccentColor;
				ASSETCATALOG_COMPILER_INCLUDE_ALL_APPICON_ASSETS = YES;
				CODE_SIGN_ENTITLEMENTS = "Medikamenten-Tracker/Medikamenten-Tracker.entitlements";
				CODE_SIGN_STYLE = Automatic;
				CURRENT_PROJECT_VERSION = 1;
				DEAD_CODE_STRIPPING = YES;
				DEVELOPMENT_TEAM = ABP5WFSYBU;
				ENABLE_APP_SANDBOX = YES;
				ENABLE_PREVIEWS = YES;
				ENABLE_USER_SELECTED_FILES = readonly;
				GENERATE_INFOPLIST_FILE = YES;
				INFOPLIST_KEY_CFBundleDisplayName = "Medi-Tracker";
				INFOPLIST_KEY_LSApplicationCategoryType = "public.app-category.medical";
				"INFOPLIST_KEY_UIApplicationSceneManifest_Generation[sdk=iphoneos*]" = YES;
				"INFOPLIST_KEY_UIApplicationSceneManifest_Generation[sdk=iphonesimulator*]" = YES;
				"INFOPLIST_KEY_UIApplicationSupportsIndirectInputEvents[sdk=iphoneos*]" = YES;
				"INFOPLIST_KEY_UIApplicationSupportsIndirectInputEvents[sdk=iphonesimulator*]" = YES;
				"INFOPLIST_KEY_UILaunchScreen_Generation[sdk=iphoneos*]" = YES;
				"INFOPLIST_KEY_UILaunchScreen_Generation[sdk=iphonesimulator*]" = YES;
				INFOPLIST_KEY_UILaunchStoryboardName = "/Users/andreasliedke/Downloads/Medi-Icon-normal.png";
				"INFOPLIST_KEY_UIStatusBarStyle[sdk=iphoneos*]" = UIStatusBarStyleDefault;
				"INFOPLIST_KEY_UIStatusBarStyle[sdk=iphonesimulator*]" = UIStatusBarStyleDefault;
				INFOPLIST_KEY_UISupportedInterfaceOrientations_iPad = "UIInterfaceOrientationPortrait UIInterfaceOrientationPortraitUpsideDown UIInterfaceOrientationLandscapeLeft UIInterfaceOrientationLandscapeRight";
				INFOPLIST_KEY_UISupportedInterfaceOrientations_iPhone = "UIInterfaceOrientationPortrait UIInterfaceOrientationLandscapeLeft UIInterfaceOrientationLandscapeRight";
				IPHONEOS_DEPLOYMENT_TARGET = 26.4;
				LD_RUNPATH_SEARCH_PATHS = "@executable_path/Frameworks";
				"LD_RUNPATH_SEARCH_PATHS[sdk=macosx*]" = "@executable_path/../Frameworks";
				MACOSX_DEPLOYMENT_TARGET = 26.4;
				MARKETING_VERSION = 1.0;
				PRODUCT_BUNDLE_IDENTIFIER = "al.Medikamenten-Tracker";
				PRODUCT_NAME = "$(TARGET_NAME)";
				REGISTER_APP_GROUPS = YES;
				SDKROOT = auto;
				STRING_CATALOG_GENERATE_SYMBOLS = YES;
				SUPPORTED_PLATFORMS = "iphonesimulator iphoneos";
				SWIFT_APPROACHABLE_CONCURRENCY = YES;
				SWIFT_DEFAULT_ACTOR_ISOLATION = MainActor;
				SWIFT_EMIT_LOC_STRINGS = YES;
				SWIFT_UPCOMING_FEATURE_MEMBER_IMPORT_VISIBILITY = YES;
				SWIFT_VERSION = 5.0;
				TARGETED_DEVICE_FAMILY = "1,2,7";
				XROS_DEPLOYMENT_TARGET = 26.4;
			};
			name = Debug;
		};
		7884192D2F7EA1730083484A /* Release */ = {
			isa = XCBuildConfiguration;
			buildSettings = {
				ASSETCATALOG_COMPILER_APPICON_NAME = AppIcon;
				"ASSETCATALOG_COMPILER_APPICON_NAME[sdk=iphoneos*]" = AppIcon;
				ASSETCATALOG_COMPILER_GLOBAL_ACCENT_COLOR_NAME = AccentColor;
				ASSETCATALOG_COMPILER_INCLUDE_ALL_APPICON_ASSETS = YES;
				CODE_SIGN_ENTITLEMENTS = "Medikamenten-Tracker/Medikamenten-Tracker.entitlements";
				CODE_SIGN_STYLE = Automatic;
				CURRENT_PROJECT_VERSION = 1;
				DEAD_CODE_STRIPPING = YES;
				DEVELOPMENT_TEAM = ABP5WFSYBU;
				ENABLE_APP_SANDBOX = YES;
				ENABLE_PREVIEWS = YES;
				ENABLE_USER_SELECTED_FILES = readonly;
				GENERATE_INFOPLIST_FILE = YES;
				INFOPLIST_KEY_CFBundleDisplayName = "Medi-Tracker";
				INFOPLIST_KEY_LSApplicationCategoryType = "public.app-category.medical";
				"INFOPLIST_KEY_UIApplicationSceneManifest_Generation[sdk=iphoneos*]" = YES;
				"INFOPLIST_KEY_UIApplicationSceneManifest_Generation[sdk=iphonesimulator*]" = YES;
				"INFOPLIST_KEY_UIApplicationSupportsIndirectInputEvents[sdk=iphoneos*]" = YES;
				"INFOPLIST_KEY_UIApplicationSupportsIndirectInputEvents[sdk=iphonesimulator*]" = YES;
				"INFOPLIST_KEY_UILaunchScreen_Generation[sdk=iphoneos*]" = YES;
				"INFOPLIST_KEY_UILaunchScreen_Generation[sdk=iphonesimulator*]" = YES;
				INFOPLIST_KEY_UILaunchStoryboardName = "/Users/andreasliedke/Downloads/Medi-Icon-normal.png";
				"INFOPLIST_KEY_UIStatusBarStyle[sdk=iphoneos*]" = UIStatusBarStyleDefault;
				"INFOPLIST_KEY_UIStatusBarStyle[sdk=iphonesimulator*]" = UIStatusBarStyleDefault;
				INFOPLIST_KEY_UISupportedInterfaceOrientations_iPad = "UIInterfaceOrientationPortrait UIInterfaceOrientationPortraitUpsideDown UIInterfaceOrientationLandscapeLeft UIInterfaceOrientationLandscapeRight";
				INFOPLIST_KEY_UISupportedInterfaceOrientations_iPhone = "UIInterfaceOrientationPortrait UIInterfaceOrientationLandscapeLeft UIInterfaceOrientationLandscapeRight";
				IPHONEOS_DEPLOYMENT_TARGET = 26.4;
				LD_RUNPATH_SEARCH_PATHS = "@executable_path/Frameworks";
				"LD_RUNPATH_SEARCH_PATHS[sdk=macosx*]" = "@executable_path/../Frameworks";
				MACOSX_DEPLOYMENT_TARGET = 26.4;
				MARKETING_VERSION = 1.0;
				PRODUCT_BUNDLE_IDENTIFIER = "al.Medikamenten-Tracker";
				PRODUCT_NAME = "$(TARGET_NAME)";
				REGISTER_APP_GROUPS = YES;
				SDKROOT = auto;
				STRING_CATALOG_GENERATE_SYMBOLS = YES;
				SUPPORTED_PLATFORMS = "iphonesimulator iphoneos";
				SWIFT_APPROACHABLE_CONCURRENCY = YES;
				SWIFT_DEFAULT_ACTOR_ISOLATION = MainActor;
				SWIFT_EMIT_LOC_STRINGS = YES;
				SWIFT_UPCOMING_FEATURE_MEMBER_IMPORT_VISIBILITY = YES;
				SWIFT_VERSION = 5.0;
				TARGETED_DEVICE_FAMILY = "1,2,7";
				XROS_DEPLOYMENT_TARGET = 26.4;
			};
			name = Release;
		};
		7884192F2F7EA1730083484A /* Debug */ = {
			isa = XCBuildConfiguration;
			buildSettings = {
				BUNDLE_LOADER = "$(TEST_HOST)";
				CODE_SIGN_STYLE = Automatic;
				CURRENT_PROJECT_VERSION = 1;
				DEAD_CODE_STRIPPING = YES;
				GENERATE_INFOPLIST_FILE = YES;
				IPHONEOS_DEPLOYMENT_TARGET = 26.4;
				MACOSX_DEPLOYMENT_TARGET = 26.4;
				MARKETING_VERSION = 1.0;
				PRODUCT_BUNDLE_IDENTIFIER = "al.Medikamenten-TrackerTests";
				PRODUCT_NAME = "$(TARGET_NAME)";
				SDKROOT = auto;
				STRING_CATALOG_GENERATE_SYMBOLS = NO;
				SUPPORTED_PLATFORMS = "iphoneos iphonesimulator macosx xros xrsimulator";
				SWIFT_APPROACHABLE_CONCURRENCY = YES;
				SWIFT_EMIT_LOC_STRINGS = NO;
				SWIFT_UPCOMING_FEATURE_MEMBER_IMPORT_VISIBILITY = YES;
				SWIFT_VERSION = 5.0;
				TARGETED_DEVICE_FAMILY = "1,2,7";
				TEST_HOST = "$(BUILT_PRODUCTS_DIR)/Medikamenten-Tracker.app/$(BUNDLE_EXECUTABLE_FOLDER_PATH)/Medikamenten-Tracker";
				XROS_DEPLOYMENT_TARGET = 26.4;
			};
			name = Debug;
		};
		788419302F7EA1730083484A /* Release */ = {
			isa = XCBuildConfiguration;
			buildSettings = {
				BUNDLE_LOADER = "$(TEST_HOST)";
				CODE_SIGN_STYLE = Automatic;
				CURRENT_PROJECT_VERSION = 1;
				DEAD_CODE_STRIPPING = YES;
				GENERATE_INFOPLIST_FILE = YES;
				IPHONEOS_DEPLOYMENT_TARGET = 26.4;
				MACOSX_DEPLOYMENT_TARGET = 26.4;
				MARKETING_VERSION = 1.0;
				PRODUCT_BUNDLE_IDENTIFIER = "al.Medikamenten-TrackerTests";
				PRODUCT_NAME = "$(TARGET_NAME)";
				SDKROOT = auto;
				STRING_CATALOG_GENERATE_SYMBOLS = NO;
				SUPPORTED_PLATFORMS = "iphoneos iphonesimulator macosx xros xrsimulator";
				SWIFT_APPROACHABLE_CONCURRENCY = YES;
				SWIFT_EMIT_LOC_STRINGS = NO;
				SWIFT_UPCOMING_FEATURE_MEMBER_IMPORT_VISIBILITY = YES;
				SWIFT_VERSION = 5.0;
				TARGETED_DEVICE_FAMILY = "1,2,7";
				TEST_HOST = "$(BUILT_PRODUCTS_DIR)/Medikamenten-Tracker.app/$(BUNDLE_EXECUTABLE_FOLDER_PATH)/Medikamenten-Tracker";
				XROS_DEPLOYMENT_TARGET = 26.4;
			};
			name = Release;
		};
		788419322F7EA1730083484A /* Debug */ = {
			isa = XCBuildConfiguration;
			buildSettings = {
				CODE_SIGN_STYLE = Automatic;
				CURRENT_PROJECT_VERSION = 1;
				DEAD_CODE_STRIPPING = YES;
				GENERATE_INFOPLIST_FILE = YES;
				IPHONEOS_DEPLOYMENT_TARGET = 26.4;
				MACOSX_DEPLOYMENT_TARGET = 26.4;
				MARKETING_VERSION = 1.0;
				PRODUCT_BUNDLE_IDENTIFIER = "al.Medikamenten-TrackerUITests";
				PRODUCT_NAME = "$(TARGET_NAME)";
				SDKROOT = auto;
				STRING_CATALOG_GENERATE_SYMBOLS = NO;
				SUPPORTED_PLATFORMS = "iphoneos iphonesimulator macosx xros xrsimulator";
				SWIFT_APPROACHABLE_CONCURRENCY = YES;
				SWIFT_EMIT_LOC_STRINGS = NO;
				SWIFT_UPCOMING_FEATURE_MEMBER_IMPORT_VISIBILITY = YES;
				SWIFT_VERSION = 5.0;
				TARGETED_DEVICE_FAMILY = "1,2,7";
				TEST_TARGET_NAME = "Medikamenten-Tracker";
				XROS_DEPLOYMENT_TARGET = 26.4;
			};
			name = Debug;
		};
		788419332F7EA1730083484A /* Release */ = {
			isa = XCBuildConfiguration;
			buildSettings = {
				CODE_SIGN_STYLE = Automatic;
				CURRENT_PROJECT_VERSION = 1;
				DEAD_CODE_STRIPPING = YES;
				GENERATE_INFOPLIST_FILE = YES;
				IPHONEOS_DEPLOYMENT_TARGET = 26.4;
				MACOSX_DEPLOYMENT_TARGET = 26.4;
				MARKETING_VERSION = 1.0;
				PRODUCT_BUNDLE_IDENTIFIER = "al.Medikamenten-TrackerUITests";
				PRODUCT_NAME = "$(TARGET_NAME)";
				SDKROOT = auto;
				STRING_CATALOG_GENERATE_SYMBOLS = NO;
				SUPPORTED_PLATFORMS = "iphoneos iphonesimulator macosx xros xrsimulator";
				SWIFT_APPROACHABLE_CONCURRENCY = YES;
				SWIFT_EMIT_LOC_STRINGS = NO;
				SWIFT_UPCOMING_FEATURE_MEMBER_IMPORT_VISIBILITY = YES;
				SWIFT_VERSION = 5.0;
				TARGETED_DEVICE_FAMILY = "1,2,7";
				TEST_TARGET_NAME = "Medikamenten-Tracker";
				XROS_DEPLOYMENT_TARGET = 26.4;
			};
			name = Release;
		};
		7888F1262FDAABA600E2D450 /* Debug */ = {
			isa = XCBuildConfiguration;
			buildSettings = {
				ASSETCATALOG_COMPILER_GLOBAL_ACCENT_COLOR_NAME = AccentColor;
				ASSETCATALOG_COMPILER_WIDGET_BACKGROUND_COLOR_NAME = WidgetBackground;
				CODE_SIGN_STYLE = Automatic;
				CURRENT_PROJECT_VERSION = 1;
				DEVELOPMENT_TEAM = ABP5WFSYBU;
				GENERATE_INFOPLIST_FILE = YES;
				INFOPLIST_FILE = MedikamentenWidget/Info.plist;
				INFOPLIST_KEY_CFBundleDisplayName = MedikamentenWidget;
				INFOPLIST_KEY_NSHumanReadableCopyright = "";
				IPHONEOS_DEPLOYMENT_TARGET = 26.5;
				LD_RUNPATH_SEARCH_PATHS = (
					"$(inherited)",
					"@executable_path/Frameworks",
					"@executable_path/../../Frameworks",
				);
				MARKETING_VERSION = 1.0;
				PRODUCT_BUNDLE_IDENTIFIER = "al.Medikamenten-Tracker.MedikamentenWidget";
				PRODUCT_NAME = "$(TARGET_NAME)";
				SDKROOT = iphoneos;
				SKIP_INSTALL = YES;
				STRING_CATALOG_GENERATE_SYMBOLS = YES;
				SWIFT_APPROACHABLE_CONCURRENCY = YES;
				SWIFT_EMIT_LOC_STRINGS = YES;
				SWIFT_UPCOMING_FEATURE_MEMBER_IMPORT_VISIBILITY = YES;
				SWIFT_VERSION = 5.0;
				TARGETED_DEVICE_FAMILY = "1,2";
			};
			name = Debug;
		};
		7888F1272FDAABA600E2D450 /* Release */ = {
			isa = XCBuildConfiguration;
			buildSettings = {
				ASSETCATALOG_COMPILER_GLOBAL_ACCENT_COLOR_NAME = AccentColor;
				ASSETCATALOG_COMPILER_WIDGET_BACKGROUND_COLOR_NAME = WidgetBackground;
				CODE_SIGN_STYLE = Automatic;
				CURRENT_PROJECT_VERSION = 1;
				DEVELOPMENT_TEAM = ABP5WFSYBU;
				GENERATE_INFOPLIST_FILE = YES;
				INFOPLIST_FILE = MedikamentenWidget/Info.plist;
				INFOPLIST_KEY_CFBundleDisplayName = MedikamentenWidget;
				INFOPLIST_KEY_NSHumanReadableCopyright = "";
				IPHONEOS_DEPLOYMENT_TARGET = 26.5;
				LD_RUNPATH_SEARCH_PATHS = (
					"$(inherited)",
					"@executable_path/Frameworks",
					"@executable_path/../../Frameworks",
				);
				MARKETING_VERSION = 1.0;
				PRODUCT_BUNDLE_IDENTIFIER = "al.Medikamenten-Tracker.MedikamentenWidget";
				PRODUCT_NAME = "$(TARGET_NAME)";
				SDKROOT = iphoneos;
				SKIP_INSTALL = YES;
				STRING_CATALOG_GENERATE_SYMBOLS = YES;
				SWIFT_APPROACHABLE_CONCURRENCY = YES;
				SWIFT_EMIT_LOC_STRINGS = YES;
				SWIFT_UPCOMING_FEATURE_MEMBER_IMPORT_VISIBILITY = YES;
				SWIFT_VERSION = 5.0;
				TARGETED_DEVICE_FAMILY = "1,2";
				VALIDATE_PRODUCT = YES;
			};
			name = Release;
		};
/* End XCBuildConfiguration section */

/* Begin XCConfigurationList section */
		788419032F7EA1720083484A /* Build configuration list for PBXProject "Medikamenten-Tracker" */ = {
			isa = XCConfigurationList;
			buildConfigurations = (
				788419292F7EA1730083484A /* Debug */,
				7884192A2F7EA1730083484A /* Release */,
			);
			defaultConfigurationIsVisible = 0;
			defaultConfigurationName = Release;
		};
		7884192B2F7EA1730083484A /* Build configuration list for PBXNativeTarget "Medikamenten-Tracker" */ = {
			isa = XCConfigurationList;
			buildConfigurations = (
				7884192C2F7EA1730083484A /* Debug */,
				7884192D2F7EA1730083484A /* Release */,
			);
			defaultConfigurationIsVisible = 0;
			defaultConfigurationName = Release;
		};
		7884192E2F7EA1730083484A /* Build configuration list for PBXNativeTarget "Medikamenten-TrackerTests" */ = {
			isa = XCConfigurationList;
			buildConfigurations = (
				7884192F2F7EA1730083484A /* Debug */,
				788419302F7EA1730083484A /* Release */,
			);
			defaultConfigurationIsVisible = 0;
			defaultConfigurationName = Release;
		};
		788419312F7EA1730083484A /* Build configuration list for PBXNativeTarget "Medikamenten-TrackerUITests" */ = {
			isa = XCConfigurationList;
			buildConfigurations = (
				788419322F7EA1730083484A /* Debug */,
				788419332F7EA1730083484A /* Release */,
			);
			defaultConfigurationIsVisible = 0;
			defaultConfigurationName = Release;
		};
		7888F1252FDAABA600E2D450 /* Build configuration list for PBXNativeTarget "MedikamentenWidgetExtension" */ = {
			isa = XCConfigurationList;
			buildConfigurations = (
				7888F1262FDAABA600E2D450 /* Debug */,
				7888F1272FDAABA600E2D450 /* Release */,
			);
			defaultConfigurationIsVisible = 0;
			defaultConfigurationName = Release;
		};
/* End XCConfigurationList section */
	};
	rootObject = 788419002F7EA1720083484A /* Project object */;
}
